
Microsoft Visual Studio Solution File, Format Version 12.00
# Visual Studio Version 17
VisualStudioVersion = 17.6.33829.357
MinimumVisualStudioVersion = 10.0.40219.1
Project("{FAE04EC0-301F-11D3-BF4B-00C04F79EFBC}") = "HolaC", "HolaC\HolaC.csproj", "{402719E3-4282-42DA-91F5-CBC213BDE186}"
EndProject
Global
	GlobalSection(SolutionConfigurationPlatforms) = preSolution
		Debug|Any CPU = Debug|Any CPU
		Release|Any CPU = Release|Any CPU
	EndGlobalSection
	GlobalSection(ProjectConfigurationPlatforms) = postSolution
		{402719E3-4282-42DA-91F5-CBC213BDE186}.Debug|Any CPU.ActiveCfg = Debug|Any CPU
		{402719E3-4282-42DA-91F5-CBC213BDE186}.Debug|Any CPU.Build.0 = Debug|Any CPU
		{402719E3-4282-42DA-91F5-CBC213BDE186}.Release|Any CPU.ActiveCfg = Release|Any CPU
		{402719E3-4282-42DA-91F5-CBC213BDE186}.Release|Any CPU.Build.0 = Release|Any CPU
	EndGlobalSection
	GlobalSection(SolutionProperties) = preSolution
		HideSolutionNode = FALSE
	EndGlobalSection
	GlobalSection(ExtensibilityGlobals) = postSolution
		SolutionGuid = {4D0F3A2B-C35C-4F2B-8283-B22A0637B3BB}
	EndGlobalSection
EndGlobal
